{
  "name": "assets",
  "lockfileVersion": 3,
  "requires": true,
  "packages": {
    "": {
      "dependencies": {
        "@fortawesome/fontawesome-free": "^6.7.1",
        "@fortawesome/fontawesome-pro": "^6.7.1"
      }
    },
    "node_modules/@fortawesome/fontawesome-free": {
      "version": "6.7.1",
      "resolved": "https://artifactory.int.intility.no:443/artifactory/api/npm/fontawesome-remote/@fortawesome/fontawesome-free/-/6.7.1/fontawesome-free-6.7.1.tgz",
      "integrity": "sha512-ALIk/MOh5gYe1TG/ieS5mVUsk7VUIJTJKPMK9rFFqOgfp0Q3d5QiBXbcOMwUvs37fyZVCz46YjOE6IFeOAXCHA==",
      "license": "(CC-BY-4.0 AND OFL-1.1 AND MIT)",
      "engines": {
        "node": ">=6"
      }
    },
    "node_modules/@fortawesome/fontawesome-pro": {
      "version": "6.7.1",
      "resolved": "https://artifactory.int.intility.no:443/artifactory/api/npm/fontawesome-remote/@fortawesome/fontawesome-pro/-/6.7.1/fontawesome-pro-6.7.1.tgz",
      "integrity": "sha512-PHm5vlwc721UVNyVr89O8r4EEANEdQifYrcnFa90zAiWbsX4aIMwAT6lLA4nfYOOLS3gRjnzl0HIAG1Ghyyy/g==",
      "license": "UNLICENSED",
      "engines": {
        "node": ">=6"
      }
    }
  }
}
